<?xml version="1.0" encoding="utf-8"?>
<Project ToolsVersion="4.0" xmlns="http://schemas.microsoft.com/developer/msbuild/2003">
  <ItemGroup>
    <Filter Include="Source Files">
      <UniqueIdentifier>{4FC737F1-C7A5-4376-A066-2A32D752A2FF}</UniqueIdentifier>
      <Extensions>cpp;c;cc;cxx;def;odl;idl;hpj;bat;asm;asmx</Extensions>
    </Filter>
    <Filter Include="Header Files">
      <UniqueIdentifier>{93995380-89BD-4b04-88EB-625FBE52EBFB}</UniqueIdentifier>
      <Extensions>h;hh;hpp;hxx;hm;inl;inc;xsd</Extensions>
    </Filter>
    <Filter Include="Resource Files">
      <UniqueIdentifier>{67DA6AB6-F800-4c08-8B7A-83BB121AAD01}</UniqueIdentifier>
      <Extensions>rc;ico;cur;bmp;dlg;rc2;rct;bin;rgs;gif;jpg;jpeg;jpe;resx;tiff;tif;png;wav;mfcribbon-ms</Extensions>
    </Filter>
    <Filter Include="Source Files\Glee">
      <UniqueIdentifier>{9c2213fb-11db-4f6d-8cff-b2883c1035e0}</UniqueIdentifier>
    </Filter>
    <Filter Include="Source Files\pnglite">
      <UniqueIdentifier>{d610267f-59bb-409f-aec7-b71eb0c30103}</UniqueIdentifier>
    </Filter>
    <Filter Include="Source Files\threadObject">
      <UniqueIdentifier>{47fc2939-8577-4854-8160-a618cf8d73ae}</UniqueIdentifier>
    </Filter>
  </ItemGroup>
  <ItemGroup>
    <ClCompile Include="src\GLee\GLee.cpp">
      <Filter>Source Files\Glee</Filter>
    </ClCompile>
    <ClCompile Include="src\threadObject\EventClass.cpp">
      <Filter>Source Files\threadObject</Filter>
    </ClCompile>
    <ClCompile Include="src\threadObject\MutexClass.cpp">
      <Filter>Source Files\threadObject</Filter>
    </ClCompile>
    <ClCompile Include="src\threadObject\Thread.cpp">
      <Filter>Source Files\threadObject</Filter>
    </ClCompile>
    <ClCompile Include="src\pnglite\pnglite.c">
      <Filter>Source Files\pnglite</Filter>
    </ClCompile>
    <ClCompile Include="src\a_star.cpp">
      <Filter>Source Files</Filter>
    </ClCompile>
    <ClCompile Include="src\actionbar.cpp">
      <Filter>Source Files</Filter>
    </ClCompile>
    <ClCompile Include="src\buffwindow.cpp">
      <Filter>Source Files</Filter>
    </ClCompile>
    <ClCompile Include="src\callindirection.cpp">
      <Filter>Source Files</Filter>
    </ClCompile>
    <ClCompile Include="src\camerafocushandler.cpp">
      <Filter>Source Files</Filter>
    </ClCompile>
    <ClCompile Include="src\character.cpp">
      <Filter>Source Files</Filter>
    </ClCompile>
    <ClCompile Include="src\characterinfoscreen.cpp">
      <Filter>Source Files</Filter>
    </ClCompile>
    <ClCompile Include="src\commonsounds.cpp">
      <Filter>Source Files</Filter>
    </ClCompile>
    <ClCompile Include="src\configurableframe.cpp">
      <Filter>Source Files</Filter>
    </ClCompile>
    <ClCompile Include="src\configuration.cpp">
      <Filter>Source Files</Filter>
    </ClCompile>
    <ClCompile Include="src\configuredframes.cpp">
      <Filter>Source Files</Filter>
    </ClCompile>
    <ClCompile Include="src\controlelement.cpp">
      <Filter>Source Files</Filter>
    </ClCompile>
    <ClCompile Include="src\dawnstate.cpp">
      <Filter>Source Files</Filter>
    </ClCompile>
    <ClCompile Include="src\debug.cpp">
      <Filter>Source Files</Filter>
    </ClCompile>
    <ClCompile Include="src\editor.cpp">
      <Filter>Source Files</Filter>
    </ClCompile>
    <ClCompile Include="src\elements.cpp">
      <Filter>Source Files</Filter>
    </ClCompile>
    <ClCompile Include="src\fontcache.cpp">
      <Filter>Source Files</Filter>
    </ClCompile>
    <ClCompile Include="src\frames.cpp">
      <Filter>Source Files</Filter>
    </ClCompile>
    <ClCompile Include="src\framesbase.cpp">
      <Filter>Source Files</Filter>
    </ClCompile>
    <ClCompile Include="src\gameloophandler.cpp">
      <Filter>Source Files</Filter>
    </ClCompile>
    <ClCompile Include="src\GLFT_Font.cpp">
      <Filter>Source Files</Filter>
    </ClCompile>
    <ClCompile Include="src\globals.cpp">
      <Filter>Source Files</Filter>
    </ClCompile>
    <ClCompile Include="src\groundloot.cpp">
      <Filter>Source Files</Filter>
    </ClCompile>
    <ClCompile Include="src\interactionpoint.cpp">
      <Filter>Source Files</Filter>
    </ClCompile>
    <ClCompile Include="src\interactionregion.cpp">
      <Filter>Source Files</Filter>
    </ClCompile>
    <ClCompile Include="src\interface.cpp">
      <Filter>Source Files</Filter>
    </ClCompile>
    <ClCompile Include="src\inventory.cpp">
      <Filter>Source Files</Filter>
    </ClCompile>
    <ClCompile Include="src\inventoryscreen.cpp">
      <Filter>Source Files</Filter>
    </ClCompile>
    <ClCompile Include="src\item.cpp">
      <Filter>Source Files</Filter>
    </ClCompile>
    <ClCompile Include="src\loadingscreen.cpp">
      <Filter>Source Files</Filter>
    </ClCompile>
    <ClCompile Include="src\logwindow.cpp">
      <Filter>Source Files</Filter>
    </ClCompile>
    <ClCompile Include="src\luafunctions.cpp">
      <Filter>Source Files</Filter>
    </ClCompile>
    <ClCompile Include="src\luainterfacegenerated.cpp">
      <Filter>Source Files</Filter>
    </ClCompile>
    <ClCompile Include="src\magic.cpp">
      <Filter>Source Files</Filter>
    </ClCompile>
    <ClCompile Include="src\main.cpp">
      <Filter>Source Files</Filter>
    </ClCompile>
    <ClCompile Include="src\message.cpp">
      <Filter>Source Files</Filter>
    </ClCompile>
    <ClCompile Include="src\musiccache.cpp">
      <Filter>Source Files</Filter>
    </ClCompile>
    <ClCompile Include="src\npc.cpp">
      <Filter>Source Files</Filter>
    </ClCompile>
    <ClCompile Include="src\optionswindow.cpp">
      <Filter>Source Files</Filter>
    </ClCompile>
    <ClCompile Include="src\player.cpp">
      <Filter>Source Files</Filter>
    </ClCompile>
    <ClCompile Include="src\quest.cpp">
      <Filter>Source Files</Filter>
    </ClCompile>
    <ClCompile Include="src\questwindow.cpp">
      <Filter>Source Files</Filter>
    </ClCompile>
    <ClCompile Include="src\random.cpp">
      <Filter>Source Files</Filter>
    </ClCompile>
    <ClCompile Include="src\resolution.cpp">
      <Filter>Source Files</Filter>
    </ClCompile>
    <ClCompile Include="src\shop.cpp">
      <Filter>Source Files</Filter>
    </ClCompile>
    <ClCompile Include="src\soundengine.cpp">
      <Filter>Source Files</Filter>
    </ClCompile>
    <ClCompile Include="src\spell.cpp">
      <Filter>Source Files</Filter>
    </ClCompile>
    <ClCompile Include="src\spellbook.cpp">
      <Filter>Source Files</Filter>
    </ClCompile>
    <ClCompile Include="src\statssystem.cpp">
      <Filter>Source Files</Filter>
    </ClCompile>
    <ClCompile Include="src\testinterface.cpp">
      <Filter>Source Files</Filter>
    </ClCompile>
    <ClCompile Include="src\texture.cpp">
      <Filter>Source Files</Filter>
    </ClCompile>
    <ClCompile Include="src\textwindow.cpp">
      <Filter>Source Files</Filter>
    </ClCompile>
    <ClCompile Include="src\tileset.cpp">
      <Filter>Source Files</Filter>
    </ClCompile>
    <ClCompile Include="src\tooltip.cpp">
      <Filter>Source Files</Filter>
    </ClCompile>
    <ClCompile Include="src\utils.cpp">
      <Filter>Source Files</Filter>
    </ClCompile>
    <ClCompile Include="src\zone.cpp">
      <Filter>Source Files</Filter>
    </ClCompile>
  </ItemGroup>
  <ItemGroup>
    <ClInclude Include="src\GLee\GLee.h">
      <Filter>Source Files\Glee</Filter>
    </ClInclude>
    <ClInclude Include="src\threadObject\EventClass.h">
      <Filter>Source Files\threadObject</Filter>
    </ClInclude>
    <ClInclude Include="src\threadObject\MutexClass.h">
      <Filter>Source Files\threadObject</Filter>
    </ClInclude>
    <ClInclude Include="src\threadObject\Thread.h">
      <Filter>Source Files\threadObject</Filter>
    </ClInclude>
    <ClInclude Include="src\pnglite\pnglite.h">
      <Filter>Source Files\pnglite</Filter>
    </ClInclude>
    <ClInclude Include="src\a_star.h">
      <Filter>Header Files</Filter>
    </ClInclude>
    <ClInclude Include="src\actionbar.h">
      <Filter>Header Files</Filter>
    </ClInclude>
    <ClInclude Include="src\buffwindow.h">
      <Filter>Header Files</Filter>
    </ClInclude>
    <ClInclude Include="src\callindirection.h">
      <Filter>Header Files</Filter>
    </ClInclude>
    <ClInclude Include="src\camerafocushandler.h">
      <Filter>Header Files</Filter>
    </ClInclude>
    <ClInclude Include="src\character.h">
      <Filter>Header Files</Filter>
    </ClInclude>
    <ClInclude Include="src\characterinfoscreen.h">
      <Filter>Header Files</Filter>
    </ClInclude>
    <ClInclude Include="src\commonsounds.h">
      <Filter>Header Files</Filter>
    </ClInclude>
    <ClInclude Include="src\configurableframe.h">
      <Filter>Header Files</Filter>
    </ClInclude>
    <ClInclude Include="src\configuration.h">
      <Filter>Header Files</Filter>
    </ClInclude>
    <ClInclude Include="src\configuredframes.h">
      <Filter>Header Files</Filter>
    </ClInclude>
    <ClInclude Include="src\controlelement.h">
      <Filter>Header Files</Filter>
    </ClInclude>
    <ClInclude Include="src\dawnstate.h">
      <Filter>Header Files</Filter>
    </ClInclude>
    <ClInclude Include="src\debug.h">
      <Filter>Header Files</Filter>
    </ClInclude>
    <ClInclude Include="src\direction.h">
      <Filter>Header Files</Filter>
    </ClInclude>
    <ClInclude Include="src\drawinghelpers.h">
      <Filter>Header Files</Filter>
    </ClInclude>
    <ClInclude Include="src\editor.h">
      <Filter>Header Files</Filter>
    </ClInclude>
    <ClInclude Include="src\elements.h">
      <Filter>Header Files</Filter>
    </ClInclude>
    <ClInclude Include="src\fontcache.h">
      <Filter>Header Files</Filter>
    </ClInclude>
    <ClInclude Include="src\frames.h">
      <Filter>Header Files</Filter>
    </ClInclude>
    <ClInclude Include="src\framesbase.h">
      <Filter>Header Files</Filter>
    </ClInclude>
    <ClInclude Include="src\gameloophandler.h">
      <Filter>Header Files</Filter>
    </ClInclude>
    <ClInclude Include="src\GLFT_Font.h">
      <Filter>Header Files</Filter>
    </ClInclude>
    <ClInclude Include="src\globals.h">
      <Filter>Header Files</Filter>
    </ClInclude>
    <ClInclude Include="src\groundloot.h">
      <Filter>Header Files</Filter>
    </ClInclude>
    <ClInclude Include="src\interactionpoint.h">
      <Filter>Header Files</Filter>
    </ClInclude>
    <ClInclude Include="src\interactionregion.h">
      <Filter>Header Files</Filter>
    </ClInclude>
    <ClInclude Include="src\interface.h">
      <Filter>Header Files</Filter>
    </ClInclude>
    <ClInclude Include="src\inventory.h">
      <Filter>Header Files</Filter>
    </ClInclude>
    <ClInclude Include="src\inventoryscreen.h">
      <Filter>Header Files</Filter>
    </ClInclude>
    <ClInclude Include="src\item.h">
      <Filter>Header Files</Filter>
    </ClInclude>
    <ClInclude Include="src\loadingscreen.h">
      <Filter>Header Files</Filter>
    </ClInclude>
    <ClInclude Include="src\logwindow.h">
      <Filter>Header Files</Filter>
    </ClInclude>
    <ClInclude Include="src\luafunctions.h">
      <Filter>Header Files</Filter>
    </ClInclude>
    <ClInclude Include="src\luainterface.h">
      <Filter>Header Files</Filter>
    </ClInclude>
    <ClInclude Include="src\luainterfacegenerated.h">
      <Filter>Header Files</Filter>
    </ClInclude>
    <ClInclude Include="src\magic.h">
      <Filter>Header Files</Filter>
    </ClInclude>
    <ClInclude Include="src\message.h">
      <Filter>Header Files</Filter>
    </ClInclude>
    <ClInclude Include="src\musiccache.h">
      <Filter>Header Files</Filter>
    </ClInclude>
    <ClInclude Include="src\npc.h">
      <Filter>Header Files</Filter>
    </ClInclude>
    <ClInclude Include="src\optionswindow.h">
      <Filter>Header Files</Filter>
    </ClInclude>
    <ClInclude Include="src\player.h">
      <Filter>Header Files</Filter>
    </ClInclude>
    <ClInclude Include="src\quest.h">
      <Filter>Header Files</Filter>
    </ClInclude>
    <ClInclude Include="src\questwindow.h">
      <Filter>Header Files</Filter>
    </ClInclude>
    <ClInclude Include="src\random.h">
      <Filter>Header Files</Filter>
    </ClInclude>
    <ClInclude Include="src\resolution.h">
      <Filter>Header Files</Filter>
    </ClInclude>
    <ClInclude Include="src\shop.h">
      <Filter>Header Files</Filter>
    </ClInclude>
    <ClInclude Include="src\soundengine.h">
      <Filter>Header Files</Filter>
    </ClInclude>
    <ClInclude Include="src\spell.h">
      <Filter>Header Files</Filter>
    </ClInclude>
    <ClInclude Include="src\spellbook.h">
      <Filter>Header Files</Filter>
    </ClInclude>
    <ClInclude Include="src\stats.h">
      <Filter>Header Files</Filter>
    </ClInclude>
    <ClInclude Include="src\statssystem.h">
      <Filter>Header Files</Filter>
    </ClInclude>
    <ClInclude Include="src\testinterface.h">
      <Filter>Header Files</Filter>
    </ClInclude>
    <ClInclude Include="src\texture.h">
      <Filter>Header Files</Filter>
    </ClInclude>
    <ClInclude Include="src\textureframe.h">
      <Filter>Header Files</Filter>
    </ClInclude>
    <ClInclude Include="src\textwindow.h">
      <Filter>Header Files</Filter>
    </ClInclude>
    <ClInclude Include="src\tileset.h">
      <Filter>Header Files</Filter>
    </ClInclude>
    <ClInclude Include="src\timeconverterhelper.h">
      <Filter>Header Files</Filter>
    </ClInclude>
    <ClInclude Include="src\tooltip.h">
      <Filter>Header Files</Filter>
    </ClInclude>
    <ClInclude Include="src\utils.h">
      <Filter>Header Files</Filter>
    </ClInclude>
    <ClInclude Include="src\zone.h">
      <Filter>Header Files</Filter>
    </ClInclude>
  </ItemGroup>
</Project>